
Microsoft Visual Studio Solution File, Format Version 12.00
# Visual Studio Version 17
VisualStudioVersion = 17.7.34024.191
MinimumVisualStudioVersion = 10.0.40219.1
Project("{8BC9CEB8-8B4A-11D0-8D11-00A0C91BC942}") = "Snake_sam", "Snake_sam\Snake_sam.vcxproj", "{00CEC49D-3230-4588-9D27-119F80903982}"
EndProject
Global
	GlobalSection(SolutionConfigurationPlatforms) = preSolution
		Debug|x64 = Debug|x64
		Debug|x86 = Debug|x86
		Release|x64 = Release|x64
		Release|x86 = Release|x86
	EndGlobalSection
	GlobalSection(ProjectConfigurationPlatforms) = postSolution
		{00CEC49D-3230-4588-9D27-119F80903982}.Debug|x64.ActiveCfg = Debug|x64
		{00CEC49D-3230-4588-9D27-119F80903982}.Debug|x64.Build.0 = Debug|x64
		{00CEC49D-3230-4588-9D27-119F80903982}.Debug|x86.ActiveCfg = Debug|Win32
		{00CEC49D-3230-4588-9D27-119F80903982}.Debug|x86.Build.0 = Debug|Win32
		{00CEC49D-3230-4588-9D27-119F80903982}.Release|x64.ActiveCfg = Release|x64
		{00CEC49D-3230-4588-9D27-119F80903982}.Release|x64.Build.0 = Release|x64
		{00CEC49D-3230-4588-9D27-119F80903982}.Release|x86.ActiveCfg = Release|Win32
		{00CEC49D-3230-4588-9D27-119F80903982}.Release|x86.Build.0 = Release|Win32
	EndGlobalSection
	GlobalSection(SolutionProperties) = preSolution
		HideSolutionNode = FALSE
	EndGlobalSection
	GlobalSection(ExtensibilityGlobals) = postSolution
		SolutionGuid = {B24F23D9-00EA-4796-82F0-6198FFEA7550}
	EndGlobalSection
EndGlobal
